{
    "_readme": [
        "This file locks the dependencies of your project to a known state",
        "Read more about it at http://getcomposer.org/doc/01-basic-usage.md#composer-lock-the-lock-file",
        "This file is @generated automatically"
    ],
    "hash": "ad9d8aa1d0799f78e407dcf568125632",
    "packages": [
        {
            "name": "chigix/io-component",
            "version": "dev-master",
            "source": {
                "type": "git",
                "url": "https://github.com/chigix/php-io-component.git",
                "reference": "0cdb1c490b7c05b7caa71910752f385f295e1499"
            },
            "dist": {
                "type": "zip",
                "url": "https://api.github.com/repos/chigix/php-io-component/zipball/0cdb1c490b7c05b7caa71910752f385f295e1499",
                "reference": "0cdb1c490b7c05b7caa71910752f385f295e1499",
                "shasum": ""
            },
            "require": {
                "php": ">=5.4"
            },
            "type": "library",
            "autoload": {
                "psr-4": {
                    "Chigi\\Component\\IO\\": "src/"
                }
            },
            "notification-url": "https://packagist.org/downloads/",
            "license": [
                "MIT"
            ],
            "authors": [
                {
                    "name": "Richard Lea",
                    "email": "chigix@zoho.com"
                }
            ],
            "description": "PHP IO Component",
            "homepage": "http://chigix.com",
            "keywords": [
                "Development Kit",
                "component",
                "io"
            ],
            "time": "2014-12-17 09:56:19"
        },
        {
            "name": "codegyre/robo",
            "version": "0.4.6",
            "source": {
                "type": "git",
                "url": "https://github.com/Codegyre/Robo.git",
                "reference": "ba257924e3ff9bdcb9899225e9f24957c7e4b3f3"
            },
            "dist": {
                "type": "zip",
                "url": "https://api.github.com/repos/Codegyre/Robo/zipball/ba257924e3ff9bdcb9899225e9f24957c7e4b3f3",
                "reference": "ba257924e3ff9bdcb9899225e9f24957c7e4b3f3",
                "shasum": ""
            },
            "require": {
                "henrikbjorn/lurker": "1.0.*@dev",
                "php": ">=5.4.0",
                "symfony/console": "~2.1",
                "symfony/filesystem": "~2.1",
                "symfony/finder": "~2.1",
                "symfony/process": "~2.1"
            },
            "require-dev": {
                "codeception/aspect-mock": "0.4.*",
                "codeception/codeception": "~2.0",
                "codeception/verify": "0.2.*"
            },
            "bin": [
                "robo"
            ],
            "type": "library",
            "autoload": {
                "psr-4": {
                    "Robo\\": "src"
                }
            },
            "notification-url": "https://packagist.org/downloads/",
            "license": [
                "MIT"
            ],
            "authors": [
                {
                    "name": "Davert",
                    "email": "davert.php@resend.cc"
                }
            ],
            "description": "Modern task runner",
            "time": "2014-10-17 00:55:05"
        },
        {
            "name": "henrikbjorn/lurker",
            "version": "1.0.0",
            "source": {
                "type": "git",
                "url": "https://github.com/henrikbjorn/Lurker.git",
                "reference": "a020d45b3bc37810aeafe27343c51af8a74c9419"
            },
            "dist": {
                "type": "zip",
                "url": "https://api.github.com/repos/henrikbjorn/Lurker/zipball/a020d45b3bc37810aeafe27343c51af8a74c9419",
                "reference": "a020d45b3bc37810aeafe27343c51af8a74c9419",
                "shasum": ""
            },
            "require": {
                "php": ">=5.3.3",
                "symfony/config": "~2.2",
                "symfony/event-dispatcher": "~2.2"
            },
            "suggest": {
                "ext-inotify": ">=0.1.6"
            },
            "type": "library",
            "extra": {
                "branch-alias": {
                    "dev-master": "1.0.x-dev"
                }
            },
            "autoload": {
                "psr-0": {
                    "Lurker": "src"
                }
            },
            "notification-url": "https://packagist.org/downloads/",
            "license": [
                "MIT"
            ],
            "authors": [
                {
                    "name": "Henrik Bjornskov",
                    "email": "henrik@bjrnskov.dk",
                    "homepage": "http://henrik.bjrnskov.dk"
                },
                {
                    "name": "Konstantin Kudryashov",
                    "email": "ever.zet@gmail.com",
                    "homepage": "http://everzet.com"
                },
                {
                    "name": "Yaroslav Kiliba",
                    "email": "om.dattaya@gmail.com"
                }
            ],
            "description": "Resource Watcher.",
            "keywords": [
                "filesystem",
                "resource",
                "watching"
            ],
            "time": "2013-05-24 06:47:29"
        },
        {
            "name": "symfony/config",
            "version": "v2.6.1",
            "target-dir": "Symfony/Component/Config",
            "source": {
                "type": "git",
                "url": "https://github.com/symfony/Config.git",
                "reference": "84c0c150c1520995f09ea9e47e817068b353cb0f"
            },
            "dist": {
                "type": "zip",
                "url": "https://api.github.com/repos/symfony/Config/zipball/84c0c150c1520995f09ea9e47e817068b353cb0f",
                "reference": "84c0c150c1520995f09ea9e47e817068b353cb0f",
                "shasum": ""
            },
            "require": {
                "php": ">=5.3.3",
                "symfony/filesystem": "~2.3"
            },
            "type": "library",
            "extra": {
                "branch-alias": {
                    "dev-master": "2.6-dev"
                }
            },
            "autoload": {
                "psr-0": {
                    "Symfony\\Component\\Config\\": ""
                }
            },
            "notification-url": "https://packagist.org/downloads/",
            "license": [
                "MIT"
            ],
            "authors": [
                {
                    "name": "Symfony Community",
                    "homepage": "http://symfony.com/contributors"
                },
                {
                    "name": "Fabien Potencier",
                    "email": "fabien@symfony.com"
                }
            ],
            "description": "Symfony Config Component",
            "homepage": "http://symfony.com",
            "time": "2014-12-02 20:19:20"
        },
        {
            "name": "symfony/console",
            "version": "v2.6.1",
            "target-dir": "Symfony/Component/Console",
            "source": {
                "type": "git",
                "url": "https://github.com/symfony/Console.git",
                "reference": "ef825fd9f809d275926547c9e57cbf14968793e8"
            },
            "dist": {
                "type": "zip",
                "url": "https://api.github.com/repos/symfony/Console/zipball/ef825fd9f809d275926547c9e57cbf14968793e8",
                "reference": "ef825fd9f809d275926547c9e57cbf14968793e8",
                "shasum": ""
            },
            "require": {
                "php": ">=5.3.3"
            },
            "require-dev": {
                "psr/log": "~1.0",
                "symfony/event-dispatcher": "~2.1",
                "symfony/process": "~2.1"
            },
            "suggest": {
                "psr/log": "For using the console logger",
                "symfony/event-dispatcher": "",
                "symfony/process": ""
            },
            "type": "library",
            "extra": {
                "branch-alias": {
                    "dev-master": "2.6-dev"
                }
            },
            "autoload": {
                "psr-0": {
                    "Symfony\\Component\\Console\\": ""
                }
            },
            "notification-url": "https://packagist.org/downloads/",
            "license": [
                "MIT"
            ],
            "authors": [
                {
                    "name": "Symfony Community",
                    "homepage": "http://symfony.com/contributors"
                },
                {
                    "name": "Fabien Potencier",
                    "email": "fabien@symfony.com"
                }
            ],
            "description": "Symfony Console Component",
            "homepage": "http://symfony.com",
            "time": "2014-12-02 20:19:20"
        },
        {
            "name": "symfony/event-dispatcher",
            "version": "v2.6.1",
            "target-dir": "Symfony/Component/EventDispatcher",
            "source": {
                "type": "git",
                "url": "https://github.com/symfony/EventDispatcher.git",
                "reference": "720fe9bca893df7ad1b4546649473b5afddf0216"
            },
            "dist": {
                "type": "zip",
                "url": "https://api.github.com/repos/symfony/EventDispatcher/zipball/720fe9bca893df7ad1b4546649473b5afddf0216",
                "reference": "720fe9bca893df7ad1b4546649473b5afddf0216",
                "shasum": ""
            },
            "require": {
                "php": ">=5.3.3"
            },
            "require-dev": {
                "psr/log": "~1.0",
                "symfony/config": "~2.0",
                "symfony/dependency-injection": "~2.6",
                "symfony/expression-language": "~2.6",
                "symfony/stopwatch": "~2.2"
            },
            "suggest": {
                "symfony/dependency-injection": "",
                "symfony/http-kernel": ""
            },
            "type": "library",
            "extra": {
                "branch-alias": {
                    "dev-master": "2.6-dev"
                }
            },
            "autoload": {
                "psr-0": {
                    "Symfony\\Component\\EventDispatcher\\": ""
                }
            },
            "notification-url": "https://packagist.org/downloads/",
            "license": [
                "MIT"
            ],
            "authors": [
                {
                    "name": "Symfony Community",
                    "homepage": "http://symfony.com/contributors"
                },
                {
                    "name": "Fabien Potencier",
                    "email": "fabien@symfony.com"
                }
            ],
            "description": "Symfony EventDispatcher Component",
            "homepage": "http://symfony.com",
            "time": "2014-12-02 20:19:20"
        },
        {
            "name": "symfony/filesystem",
            "version": "v2.6.1",
            "target-dir": "Symfony/Component/Filesystem",
            "source": {
                "type": "git",
                "url": "https://github.com/symfony/Filesystem.git",
                "reference": "ff6efc95256cb33031933729e68b01d720b5436b"
            },
            "dist": {
                "type": "zip",
                "url": "https://api.github.com/repos/symfony/Filesystem/zipball/ff6efc95256cb33031933729e68b01d720b5436b",
                "reference": "ff6efc95256cb33031933729e68b01d720b5436b",
                "shasum": ""
            },
            "require": {
                "php": ">=5.3.3"
            },
            "type": "library",
            "extra": {
                "branch-alias": {
                    "dev-master": "2.6-dev"
                }
            },
            "autoload": {
                "psr-0": {
                    "Symfony\\Component\\Filesystem\\": ""
                }
            },
            "notification-url": "https://packagist.org/downloads/",
            "license": [
                "MIT"
            ],
            "authors": [
                {
                    "name": "Symfony Community",
                    "homepage": "http://symfony.com/contributors"
                },
                {
                    "name": "Fabien Potencier",
                    "email": "fabien@symfony.com"
                }
            ],
            "description": "Symfony Filesystem Component",
            "homepage": "http://symfony.com",
            "time": "2014-12-02 20:19:20"
        },
        {
            "name": "symfony/finder",
            "version": "v2.6.1",
            "target-dir": "Symfony/Component/Finder",
            "source": {
                "type": "git",
                "url": "https://github.com/symfony/Finder.git",
                "reference": "0d3ef7f6ec55a7af5eca7914eaa0dacc04ccc721"
            },
            "dist": {
                "type": "zip",
                "url": "https://api.github.com/repos/symfony/Finder/zipball/0d3ef7f6ec55a7af5eca7914eaa0dacc04ccc721",
                "reference": "0d3ef7f6ec55a7af5eca7914eaa0dacc04ccc721",
                "shasum": ""
            },
            "require": {
                "php": ">=5.3.3"
            },
            "type": "library",
            "extra": {
                "branch-alias": {
                    "dev-master": "2.6-dev"
                }
            },
            "autoload": {
                "psr-0": {
                    "Symfony\\Component\\Finder\\": ""
                }
            },
            "notification-url": "https://packagist.org/downloads/",
            "license": [
                "MIT"
            ],
            "authors": [
                {
                    "name": "Symfony Community",
                    "homepage": "http://symfony.com/contributors"
                },
                {
                    "name": "Fabien Potencier",
                    "email": "fabien@symfony.com"
                }
            ],
            "description": "Symfony Finder Component",
            "homepage": "http://symfony.com",
            "time": "2014-12-02 20:19:20"
        },
        {
            "name": "symfony/process",
            "version": "v2.6.1",
            "target-dir": "Symfony/Component/Process",
            "source": {
                "type": "git",
                "url": "https://github.com/symfony/Process.git",
                "reference": "bf0c9bd625f13b0b0bbe39919225cf145dfb935a"
            },
            "dist": {
                "type": "zip",
                "url": "https://api.github.com/repos/symfony/Process/zipball/bf0c9bd625f13b0b0bbe39919225cf145dfb935a",
                "reference": "bf0c9bd625f13b0b0bbe39919225cf145dfb935a",
                "shasum": ""
            },
            "require": {
                "php": ">=5.3.3"
            },
            "type": "library",
            "extra": {
                "branch-alias": {
                    "dev-master": "2.6-dev"
                }
            },
            "autoload": {
                "psr-0": {
                    "Symfony\\Component\\Process\\": ""
                }
            },
            "notification-url": "https://packagist.org/downloads/",
            "license": [
                "MIT"
            ],
            "authors": [
                {
                    "name": "Symfony Community",
                    "homepage": "http://symfony.com/contributors"
                },
                {
                    "name": "Fabien Potencier",
                    "email": "fabien@symfony.com"
                }
            ],
            "description": "Symfony Process Component",
            "homepage": "http://symfony.com",
            "time": "2014-12-02 20:19:20"
        }
    ],
    "packages-dev": [],
    "aliases": [],
    "minimum-stability": "stable",
    "stability-flags": {
        "chigix/io-component": 20
    },
    "prefer-stable": false,
    "platform": [],
    "platform-dev": []
}
